
Microsoft Visual Studio Solution File, Format Version 12.00
# Visual Studio Version 18
VisualStudioVersion = 18.1.11312.151 d18.0
MinimumVisualStudioVersion = 10.0.40219.1
Project("{9A19103F-16F7-4668-BE54-9A1E7A4F7556}") = "ApiEmail", "ApiEmail.csproj", "{BD1C89A3-2966-404B-BA7A-499558A9CA74}"
EndProject
Project("{2150E333-8FDC-42A3-9474-1A3956D46DE8}") = "GitHub", "GitHub", "{6BDCED20-9F07-48A2-8A8D-D890236539AC}"
	ProjectSection(SolutionItems) = preProject
		.github\workflows\deploy.yml = .github\workflows\deploy.yml
	EndProjectSection
EndProject
Project("{2150E333-8FDC-42A3-9474-1A3956D46DE8}") = "Docker", "Docker", "{2C854BE6-7293-4712-B313-0C924F347612}"
	ProjectSection(SolutionItems) = preProject
		compose.yaml = compose.yaml
	EndProjectSection
EndProject
Global
	GlobalSection(SolutionConfigurationPlatforms) = preSolution
		Debug|Any CPU = Debug|Any CPU
		Release|Any CPU = Release|Any CPU
	EndGlobalSection
	GlobalSection(ProjectConfigurationPlatforms) = postSolution
		{BD1C89A3-2966-404B-BA7A-499558A9CA74}.Debug|Any CPU.ActiveCfg = Debug|Any CPU
		{BD1C89A3-2966-404B-BA7A-499558A9CA74}.Debug|Any CPU.Build.0 = Debug|Any CPU
		{BD1C89A3-2966-404B-BA7A-499558A9CA74}.Release|Any CPU.ActiveCfg = Release|Any CPU
		{BD1C89A3-2966-404B-BA7A-499558A9CA74}.Release|Any CPU.Build.0 = Release|Any CPU
	EndGlobalSection
	GlobalSection(SolutionProperties) = preSolution
		HideSolutionNode = FALSE
	EndGlobalSection
	GlobalSection(ExtensibilityGlobals) = postSolution
		SolutionGuid = {127B8910-9A5E-4841-88CB-AA99EE65D70C}
	EndGlobalSection
EndGlobal
